
Microsoft Visual Studio Solution File, Format Version 12.00
# Visual Studio Version 17
VisualStudioVersion = 17.5.33530.505
MinimumVisualStudioVersion = 10.0.40219.1
Project("{FAE04EC0-301F-11D3-BF4B-00C04F79EFBC}") = "ObjectOrientedProgramming", "ObjectOrientedProgramming\ObjectOrientedProgramming.csproj", "{CB66A42B-4C86-4EB9-BC10-44C27293FCE4}"
EndProject
Global
	GlobalSection(SolutionConfigurationPlatforms) = preSolution
		Debug|Any CPU = Debug|Any CPU
		Release|Any CPU = Release|Any CPU
	EndGlobalSection
	GlobalSection(ProjectConfigurationPlatforms) = postSolution
		{CB66A42B-4C86-4EB9-BC10-44C27293FCE4}.Debug|Any CPU.ActiveCfg = Debug|Any CPU
		{CB66A42B-4C86-4EB9-BC10-44C27293FCE4}.Debug|Any CPU.Build.0 = Debug|Any CPU
		{CB66A42B-4C86-4EB9-BC10-44C27293FCE4}.Release|Any CPU.ActiveCfg = Release|Any CPU
		{CB66A42B-4C86-4EB9-BC10-44C27293FCE4}.Release|Any CPU.Build.0 = Release|Any CPU
	EndGlobalSection
	GlobalSection(SolutionProperties) = preSolution
		HideSolutionNode = FALSE
	EndGlobalSection
	GlobalSection(ExtensibilityGlobals) = postSolution
		SolutionGuid = {4D3C65B8-9552-4791-B998-41B80F0D3791}
	EndGlobalSection
EndGlobal
